# This file is automatically @generated by Cargo.
# It is not intended for manual editing.
version = 4

[[package]]
name = "djangors"
version = "0.0.1"

[[package]]
name = "djangors-admin"
version = "0.0.1"

[[package]]
name = "djangors-auth"
version = "0.0.1"

[[package]]
name = "djangors-cli"
version = "0.0.1"

[[package]]
name = "djangors-core"
version = "0.0.1"

[[package]]
name = "djangors-db"
version = "0.0.1"

[[package]]
name = "djangors-forms"
version = "0.0.1"

[[package]]
name = "djangors-macros"
version = "0.0.1"

[[package]]
name = "djangors-migrations"
version = "0.0.1"

[[package]]
name = "djangors-orm"
version = "0.0.1"

[[package]]
name = "djangors-rest"
version = "0.0.1"

[[package]]
name = "djangors-sessions"
version = "0.0.1"

[[package]]
name = "djangors-template"
version = "0.0.1"

[[package]]
name = "djangors-test"
version = "0.0.1"
